
Microsoft Visual Studio Solution File, Format Version 12.00
# Visual Studio Version 17
VisualStudioVersion = 17.13.35913.81 d17.13
MinimumVisualStudioVersion = 10.0.40219.1
Project("{FAE04EC0-301F-11D3-BF4B-00C04F79EFBC}") = "hello-world", "hello-world\hello-world.csproj", "{8FA629F9-FB66-429F-939D-E77A163F8B37}"
EndProject
Global
	GlobalSection(SolutionConfigurationPlatforms) = preSolution
		Debug|Any CPU = Debug|Any CPU
		Release|Any CPU = Release|Any CPU
	EndGlobalSection
	GlobalSection(ProjectConfigurationPlatforms) = postSolution
		{8FA629F9-FB66-429F-939D-E77A163F8B37}.Debug|Any CPU.ActiveCfg = Debug|Any CPU
		{8FA629F9-FB66-429F-939D-E77A163F8B37}.Debug|Any CPU.Build.0 = Debug|Any CPU
		{8FA629F9-FB66-429F-939D-E77A163F8B37}.Release|Any CPU.ActiveCfg = Release|Any CPU
		{8FA629F9-FB66-429F-939D-E77A163F8B37}.Release|Any CPU.Build.0 = Release|Any CPU
	EndGlobalSection
	GlobalSection(SolutionProperties) = preSolution
		HideSolutionNode = FALSE
	EndGlobalSection
	GlobalSection(ExtensibilityGlobals) = postSolution
		SolutionGuid = {21516666-4E60-4B68-BB39-71B8356525A6}
	EndGlobalSection
EndGlobal
